
Microsoft Visual Studio Solution File, Format Version 12.00
# Visual Studio Version 17
VisualStudioVersion = 17.3.32929.385
MinimumVisualStudioVersion = 10.0.40219.1
Project("{9A19103F-16F7-4668-BE54-9A1E7A4F7556}") = "TestWinForms", "TestWinForms.csproj", "{1E687C9A-CF89-4EC2-88D1-5F6ED35F5549}"
EndProject
Project("{9A19103F-16F7-4668-BE54-9A1E7A4F7556}") = "GeneralUpdate.ClientCore", "..\..\..\src\c#\GeneralUpdate.ClientCore\GeneralUpdate.ClientCore.csproj", "{7806BDFE-9F7B-40FF-87E4-A90F3F49F212}"
EndProject
Project("{9A19103F-16F7-4668-BE54-9A1E7A4F7556}") = "GeneralUpdate.Upgrad", "..\..\..\src\c#\GeneralUpdate.Upgrad\GeneralUpdate.Upgrad.csproj", "{FDEEEA9F-946D-4E2B-857C-279B8FA66231}"
EndProject
Global
	GlobalSection(SolutionConfigurationPlatforms) = preSolution
		Debug|Any CPU = Debug|Any CPU
		Release|Any CPU = Release|Any CPU
	EndGlobalSection
	GlobalSection(ProjectConfigurationPlatforms) = postSolution
		{1E687C9A-CF89-4EC2-88D1-5F6ED35F5549}.Debug|Any CPU.ActiveCfg = Debug|Any CPU
		{1E687C9A-CF89-4EC2-88D1-5F6ED35F5549}.Debug|Any CPU.Build.0 = Debug|Any CPU
		{1E687C9A-CF89-4EC2-88D1-5F6ED35F5549}.Release|Any CPU.ActiveCfg = Release|Any CPU
		{1E687C9A-CF89-4EC2-88D1-5F6ED35F5549}.Release|Any CPU.Build.0 = Release|Any CPU
		{7806BDFE-9F7B-40FF-87E4-A90F3F49F212}.Debug|Any CPU.ActiveCfg = Debug|Any CPU
		{7806BDFE-9F7B-40FF-87E4-A90F3F49F212}.Debug|Any CPU.Build.0 = Debug|Any CPU
		{7806BDFE-9F7B-40FF-87E4-A90F3F49F212}.Release|Any CPU.ActiveCfg = Release|Any CPU
		{7806BDFE-9F7B-40FF-87E4-A90F3F49F212}.Release|Any CPU.Build.0 = Release|Any CPU
		{FDEEEA9F-946D-4E2B-857C-279B8FA66231}.Debug|Any CPU.ActiveCfg = Debug|Any CPU
		{FDEEEA9F-946D-4E2B-857C-279B8FA66231}.Debug|Any CPU.Build.0 = Debug|Any CPU
		{FDEEEA9F-946D-4E2B-857C-279B8FA66231}.Release|Any CPU.ActiveCfg = Release|Any CPU
		{FDEEEA9F-946D-4E2B-857C-279B8FA66231}.Release|Any CPU.Build.0 = Release|Any CPU
	EndGlobalSection
	GlobalSection(SolutionProperties) = preSolution
		HideSolutionNode = FALSE
	EndGlobalSection
	GlobalSection(ExtensibilityGlobals) = postSolution
		SolutionGuid = {7010610C-F3F1-4A06-B67D-95049FD4C3E7}
	EndGlobalSection
EndGlobal
