
Microsoft Visual Studio Solution File, Format Version 12.00
# Visual Studio Version 17
VisualStudioVersion = 17.12.35527.113
MinimumVisualStudioVersion = 10.0.40219.1
Project("{FAE04EC0-301F-11D3-BF4B-00C04F79EFBC}") = "GeneralUpdate", "GeneralUpdate\GeneralUpdate.csproj", "{CD5C9391-6D5A-41CC-87EB-A7AB63169DDE}"
EndProject
Project("{FAE04EC0-301F-11D3-BF4B-00C04F79EFBC}") = "Upgrad", "Upgrad\Upgrad.csproj", "{D4E5EA6E-8E03-46D2-8F3E-8DC63A3EACE5}"
EndProject
Project("{FAE04EC0-301F-11D3-BF4B-00C04F79EFBC}") = "WinAppClient", "Test\WinAppClient\WinAppClient.csproj", "{A64C7F12-021B-46D9-9465-ED73278B3C01}"
EndProject
Global
	GlobalSection(SolutionConfigurationPlatforms) = preSolution
		Debug|Any CPU = Debug|Any CPU
		Release|Any CPU = Release|Any CPU
	EndGlobalSection
	GlobalSection(ProjectConfigurationPlatforms) = postSolution
		{CD5C9391-6D5A-41CC-87EB-A7AB63169DDE}.Debug|Any CPU.ActiveCfg = Debug|Any CPU
		{CD5C9391-6D5A-41CC-87EB-A7AB63169DDE}.Debug|Any CPU.Build.0 = Debug|Any CPU
		{CD5C9391-6D5A-41CC-87EB-A7AB63169DDE}.Release|Any CPU.ActiveCfg = Release|Any CPU
		{CD5C9391-6D5A-41CC-87EB-A7AB63169DDE}.Release|Any CPU.Build.0 = Release|Any CPU
		{D4E5EA6E-8E03-46D2-8F3E-8DC63A3EACE5}.Debug|Any CPU.ActiveCfg = Debug|Any CPU
		{D4E5EA6E-8E03-46D2-8F3E-8DC63A3EACE5}.Debug|Any CPU.Build.0 = Debug|Any CPU
		{D4E5EA6E-8E03-46D2-8F3E-8DC63A3EACE5}.Release|Any CPU.ActiveCfg = Release|Any CPU
		{D4E5EA6E-8E03-46D2-8F3E-8DC63A3EACE5}.Release|Any CPU.Build.0 = Release|Any CPU
		{A64C7F12-021B-46D9-9465-ED73278B3C01}.Debug|Any CPU.ActiveCfg = Debug|Any CPU
		{A64C7F12-021B-46D9-9465-ED73278B3C01}.Debug|Any CPU.Build.0 = Debug|Any CPU
		{A64C7F12-021B-46D9-9465-ED73278B3C01}.Release|Any CPU.ActiveCfg = Release|Any CPU
		{A64C7F12-021B-46D9-9465-ED73278B3C01}.Release|Any CPU.Build.0 = Release|Any CPU
	EndGlobalSection
	GlobalSection(SolutionProperties) = preSolution
		HideSolutionNode = FALSE
	EndGlobalSection
EndGlobal
