
Microsoft Visual Studio Solution File, Format Version 12.00
# Visual Studio Version 17
VisualStudioVersion = 17.3.32804.467
MinimumVisualStudioVersion = 10.0.40219.1
Project("{FAE04EC0-301F-11D3-BF4B-00C04F79EFBC}") = "GeneralUpdate.Service", "GeneralUpdate.Service.csproj", "{51B3C434-601A-4E25-8759-2875962106C1}"
EndProject
Global
	GlobalSection(SolutionConfigurationPlatforms) = preSolution
		Debug|Any CPU = Debug|Any CPU
		Release|Any CPU = Release|Any CPU
	EndGlobalSection
	GlobalSection(ProjectConfigurationPlatforms) = postSolution
		{51B3C434-601A-4E25-8759-2875962106C1}.Debug|Any CPU.ActiveCfg = Debug|Any CPU
		{51B3C434-601A-4E25-8759-2875962106C1}.Debug|Any CPU.Build.0 = Debug|Any CPU
		{51B3C434-601A-4E25-8759-2875962106C1}.Release|Any CPU.ActiveCfg = Release|Any CPU
		{51B3C434-601A-4E25-8759-2875962106C1}.Release|Any CPU.Build.0 = Release|Any CPU
	EndGlobalSection
	GlobalSection(SolutionProperties) = preSolution
		HideSolutionNode = FALSE
	EndGlobalSection
	GlobalSection(ExtensibilityGlobals) = postSolution
		SolutionGuid = {6D61B82A-5C19-42DC-BB43-882C71FF4588}
	EndGlobalSection
EndGlobal
