
Microsoft Visual Studio Solution File, Format Version 12.00
# Visual Studio Version 17
VisualStudioVersion = 17.3.32929.385
MinimumVisualStudioVersion = 10.0.40219.1
Project("{9A19103F-16F7-4668-BE54-9A1E7A4F7556}") = "fileserver", "fileserver.csproj", "{78CB204A-9D27-4FEF-BD81-5142732C064F}"
EndProject
Global
	GlobalSection(SolutionConfigurationPlatforms) = preSolution
		Debug|Any CPU = Debug|Any CPU
		Release|Any CPU = Release|Any CPU
	EndGlobalSection
	GlobalSection(ProjectConfigurationPlatforms) = postSolution
		{78CB204A-9D27-4FEF-BD81-5142732C064F}.Debug|Any CPU.ActiveCfg = Debug|Any CPU
		{78CB204A-9D27-4FEF-BD81-5142732C064F}.Debug|Any CPU.Build.0 = Debug|Any CPU
		{78CB204A-9D27-4FEF-BD81-5142732C064F}.Release|Any CPU.ActiveCfg = Release|Any CPU
		{78CB204A-9D27-4FEF-BD81-5142732C064F}.Release|Any CPU.Build.0 = Release|Any CPU
	EndGlobalSection
	GlobalSection(SolutionProperties) = preSolution
		HideSolutionNode = FALSE
	EndGlobalSection
	GlobalSection(ExtensibilityGlobals) = postSolution
		SolutionGuid = {705DFF17-345B-4058-BDA0-7CFC82234B0D}
	EndGlobalSection
EndGlobal
