
Microsoft Visual Studio Solution File, Format Version 12.00
# Visual Studio Version 17
VisualStudioVersion = 17.0.31423.177
MinimumVisualStudioVersion = 10.0.40219.1
Project("{2150E333-8FDC-42A3-9474-1A3956D46DE8}") = "src", "src", "{91F059E6-7AD3-4FB7-9604-30A7849C6EFF}"
EndProject
Project("{9A19103F-16F7-4668-BE54-9A1E7A4F7556}") = "GeneralUpdate.Core", "GeneralUpdate.Core\GeneralUpdate.Core.csproj", "{35BFF228-5EE4-49A6-B721-FB0122E967A0}"
EndProject
Project("{FAE04EC0-301F-11D3-BF4B-00C04F79EFBC}") = "GeneralUpdate.Single", "GeneralUpdate.Single\GeneralUpdate.Single.csproj", "{57300FDD-58E9-489E-BF2E-C69A87938845}"
EndProject
Project("{9A19103F-16F7-4668-BE54-9A1E7A4F7556}") = "GeneralUpdate.Zip", "GeneralUpdate.Zip\GeneralUpdate.Zip.csproj", "{D94882E1-55A7-4787-B049-265F52DC576E}"
EndProject
Project("{9A19103F-16F7-4668-BE54-9A1E7A4F7556}") = "GeneralUpdate.AspNetCore", "GeneralUpdate.AspNetCore\GeneralUpdate.AspNetCore.csproj", "{7D529953-3846-485F-AC71-3EEACB9161EC}"
EndProject
Project("{9A19103F-16F7-4668-BE54-9A1E7A4F7556}") = "GeneralUpdate.ClientCore", "GeneralUpdate.ClientCore\GeneralUpdate.ClientCore.csproj", "{BAEFF926-6B2C-46F1-BB73-AA2AB1355565}"
EndProject
Project("{9A19103F-16F7-4668-BE54-9A1E7A4F7556}") = "GeneralUpdate.Differential", "GeneralUpdate.Differential\GeneralUpdate.Differential.csproj", "{40BDA496-7614-4213-92D0-3B1B187675D3}"
EndProject
Project("{2150E333-8FDC-42A3-9474-1A3956D46DE8}") = "examples", "examples", "{74BE0282-A10D-4A81-A0F0-FAA79A6152B7}"
EndProject
Project("{9A19103F-16F7-4668-BE54-9A1E7A4F7556}") = "GeneralUpdate.Api", "GeneralUpdate.Api\GeneralUpdate.Api.csproj", "{AE3E4ADF-CE3B-4E94-B1BE-F0B9916B7F20}"
EndProject
Project("{9A19103F-16F7-4668-BE54-9A1E7A4F7556}") = "GeneralUpdate.Upgrad", "GeneralUpdate.Upgrad\GeneralUpdate.Upgrad.csproj", "{E1F9FF93-CA63-4A9C-82F0-450F09ED81F9}"
EndProject
Project("{9A19103F-16F7-4668-BE54-9A1E7A4F7556}") = "GeneralUpdate.Maui.OSS", "GeneralUpdate.Maui.OSS\GeneralUpdate.Maui.OSS.csproj", "{C4BDA544-2A6E-442C-B7D0-32CD7A996933}"
EndProject
Project("{9A19103F-16F7-4668-BE54-9A1E7A4F7556}") = "GeneralUpdate.OSSClient", "GeneralUpdate.OSSClient\GeneralUpdate.OSSClient.csproj", "{2877DCA1-7EA6-42E9-A1C2-399B51E24893}"
EndProject
Project("{9A19103F-16F7-4668-BE54-9A1E7A4F7556}") = "GeneralUpdate.SystemService", "GeneralUpdate.SystemService\GeneralUpdate.SystemService.csproj", "{8CE233CF-F337-4579-983D-7327567634FA}"
EndProject
Project("{9A19103F-16F7-4668-BE54-9A1E7A4F7556}") = "GeneralUpdate.Client", "GeneralUpdate.Client\GeneralUpdate.Client.csproj", "{7779FB4A-D121-48CC-B033-C3D36BD5D4FF}"
EndProject
Global
	GlobalSection(SolutionConfigurationPlatforms) = preSolution
		Debug|Any CPU = Debug|Any CPU
		Release|Any CPU = Release|Any CPU
	EndGlobalSection
	GlobalSection(ProjectConfigurationPlatforms) = postSolution
		{35BFF228-5EE4-49A6-B721-FB0122E967A0}.Debug|Any CPU.ActiveCfg = Debug|Any CPU
		{35BFF228-5EE4-49A6-B721-FB0122E967A0}.Debug|Any CPU.Build.0 = Debug|Any CPU
		{35BFF228-5EE4-49A6-B721-FB0122E967A0}.Release|Any CPU.ActiveCfg = Release|Any CPU
		{35BFF228-5EE4-49A6-B721-FB0122E967A0}.Release|Any CPU.Build.0 = Release|Any CPU
		{57300FDD-58E9-489E-BF2E-C69A87938845}.Debug|Any CPU.ActiveCfg = Debug|Any CPU
		{57300FDD-58E9-489E-BF2E-C69A87938845}.Debug|Any CPU.Build.0 = Debug|Any CPU
		{57300FDD-58E9-489E-BF2E-C69A87938845}.Release|Any CPU.ActiveCfg = Release|Any CPU
		{57300FDD-58E9-489E-BF2E-C69A87938845}.Release|Any CPU.Build.0 = Release|Any CPU
		{D94882E1-55A7-4787-B049-265F52DC576E}.Debug|Any CPU.ActiveCfg = Debug|Any CPU
		{D94882E1-55A7-4787-B049-265F52DC576E}.Debug|Any CPU.Build.0 = Debug|Any CPU
		{D94882E1-55A7-4787-B049-265F52DC576E}.Release|Any CPU.ActiveCfg = Release|Any CPU
		{D94882E1-55A7-4787-B049-265F52DC576E}.Release|Any CPU.Build.0 = Release|Any CPU
		{7D529953-3846-485F-AC71-3EEACB9161EC}.Debug|Any CPU.ActiveCfg = Debug|Any CPU
		{7D529953-3846-485F-AC71-3EEACB9161EC}.Debug|Any CPU.Build.0 = Debug|Any CPU
		{7D529953-3846-485F-AC71-3EEACB9161EC}.Release|Any CPU.ActiveCfg = Release|Any CPU
		{7D529953-3846-485F-AC71-3EEACB9161EC}.Release|Any CPU.Build.0 = Release|Any CPU
		{BAEFF926-6B2C-46F1-BB73-AA2AB1355565}.Debug|Any CPU.ActiveCfg = Debug|Any CPU
		{BAEFF926-6B2C-46F1-BB73-AA2AB1355565}.Debug|Any CPU.Build.0 = Debug|Any CPU
		{BAEFF926-6B2C-46F1-BB73-AA2AB1355565}.Release|Any CPU.ActiveCfg = Release|Any CPU
		{BAEFF926-6B2C-46F1-BB73-AA2AB1355565}.Release|Any CPU.Build.0 = Release|Any CPU
		{40BDA496-7614-4213-92D0-3B1B187675D3}.Debug|Any CPU.ActiveCfg = Debug|Any CPU
		{40BDA496-7614-4213-92D0-3B1B187675D3}.Debug|Any CPU.Build.0 = Debug|Any CPU
		{40BDA496-7614-4213-92D0-3B1B187675D3}.Release|Any CPU.ActiveCfg = Release|Any CPU
		{40BDA496-7614-4213-92D0-3B1B187675D3}.Release|Any CPU.Build.0 = Release|Any CPU
		{AE3E4ADF-CE3B-4E94-B1BE-F0B9916B7F20}.Debug|Any CPU.ActiveCfg = Debug|Any CPU
		{AE3E4ADF-CE3B-4E94-B1BE-F0B9916B7F20}.Debug|Any CPU.Build.0 = Debug|Any CPU
		{AE3E4ADF-CE3B-4E94-B1BE-F0B9916B7F20}.Release|Any CPU.ActiveCfg = Release|Any CPU
		{AE3E4ADF-CE3B-4E94-B1BE-F0B9916B7F20}.Release|Any CPU.Build.0 = Release|Any CPU
		{E1F9FF93-CA63-4A9C-82F0-450F09ED81F9}.Debug|Any CPU.ActiveCfg = Debug|Any CPU
		{E1F9FF93-CA63-4A9C-82F0-450F09ED81F9}.Debug|Any CPU.Build.0 = Debug|Any CPU
		{E1F9FF93-CA63-4A9C-82F0-450F09ED81F9}.Release|Any CPU.ActiveCfg = Release|Any CPU
		{E1F9FF93-CA63-4A9C-82F0-450F09ED81F9}.Release|Any CPU.Build.0 = Release|Any CPU
		{C4BDA544-2A6E-442C-B7D0-32CD7A996933}.Debug|Any CPU.ActiveCfg = Debug|Any CPU
		{C4BDA544-2A6E-442C-B7D0-32CD7A996933}.Debug|Any CPU.Build.0 = Debug|Any CPU
		{C4BDA544-2A6E-442C-B7D0-32CD7A996933}.Release|Any CPU.ActiveCfg = Release|Any CPU
		{C4BDA544-2A6E-442C-B7D0-32CD7A996933}.Release|Any CPU.Build.0 = Release|Any CPU
		{2877DCA1-7EA6-42E9-A1C2-399B51E24893}.Debug|Any CPU.ActiveCfg = Debug|Any CPU
		{2877DCA1-7EA6-42E9-A1C2-399B51E24893}.Debug|Any CPU.Build.0 = Debug|Any CPU
		{2877DCA1-7EA6-42E9-A1C2-399B51E24893}.Debug|Any CPU.Deploy.0 = Debug|Any CPU
		{2877DCA1-7EA6-42E9-A1C2-399B51E24893}.Release|Any CPU.ActiveCfg = Release|Any CPU
		{2877DCA1-7EA6-42E9-A1C2-399B51E24893}.Release|Any CPU.Build.0 = Release|Any CPU
		{2877DCA1-7EA6-42E9-A1C2-399B51E24893}.Release|Any CPU.Deploy.0 = Release|Any CPU
		{8CE233CF-F337-4579-983D-7327567634FA}.Debug|Any CPU.ActiveCfg = Debug|Any CPU
		{8CE233CF-F337-4579-983D-7327567634FA}.Debug|Any CPU.Build.0 = Debug|Any CPU
		{8CE233CF-F337-4579-983D-7327567634FA}.Release|Any CPU.ActiveCfg = Release|Any CPU
		{8CE233CF-F337-4579-983D-7327567634FA}.Release|Any CPU.Build.0 = Release|Any CPU
		{7779FB4A-D121-48CC-B033-C3D36BD5D4FF}.Debug|Any CPU.ActiveCfg = Debug|Any CPU
		{7779FB4A-D121-48CC-B033-C3D36BD5D4FF}.Debug|Any CPU.Build.0 = Debug|Any CPU
		{7779FB4A-D121-48CC-B033-C3D36BD5D4FF}.Release|Any CPU.ActiveCfg = Release|Any CPU
		{7779FB4A-D121-48CC-B033-C3D36BD5D4FF}.Release|Any CPU.Build.0 = Release|Any CPU
	EndGlobalSection
	GlobalSection(SolutionProperties) = preSolution
		HideSolutionNode = FALSE
	EndGlobalSection
	GlobalSection(NestedProjects) = preSolution
		{35BFF228-5EE4-49A6-B721-FB0122E967A0} = {91F059E6-7AD3-4FB7-9604-30A7849C6EFF}
		{57300FDD-58E9-489E-BF2E-C69A87938845} = {91F059E6-7AD3-4FB7-9604-30A7849C6EFF}
		{D94882E1-55A7-4787-B049-265F52DC576E} = {91F059E6-7AD3-4FB7-9604-30A7849C6EFF}
		{7D529953-3846-485F-AC71-3EEACB9161EC} = {91F059E6-7AD3-4FB7-9604-30A7849C6EFF}
		{BAEFF926-6B2C-46F1-BB73-AA2AB1355565} = {91F059E6-7AD3-4FB7-9604-30A7849C6EFF}
		{40BDA496-7614-4213-92D0-3B1B187675D3} = {91F059E6-7AD3-4FB7-9604-30A7849C6EFF}
		{AE3E4ADF-CE3B-4E94-B1BE-F0B9916B7F20} = {74BE0282-A10D-4A81-A0F0-FAA79A6152B7}
		{E1F9FF93-CA63-4A9C-82F0-450F09ED81F9} = {74BE0282-A10D-4A81-A0F0-FAA79A6152B7}
		{C4BDA544-2A6E-442C-B7D0-32CD7A996933} = {91F059E6-7AD3-4FB7-9604-30A7849C6EFF}
		{2877DCA1-7EA6-42E9-A1C2-399B51E24893} = {74BE0282-A10D-4A81-A0F0-FAA79A6152B7}
		{8CE233CF-F337-4579-983D-7327567634FA} = {91F059E6-7AD3-4FB7-9604-30A7849C6EFF}
		{7779FB4A-D121-48CC-B033-C3D36BD5D4FF} = {74BE0282-A10D-4A81-A0F0-FAA79A6152B7}
	EndGlobalSection
	GlobalSection(ExtensibilityGlobals) = postSolution
		SolutionGuid = {A7B2D0AD-E000-4749-BAC0-FF21B9872805}
	EndGlobalSection
EndGlobal
