
Microsoft Visual Studio Solution File, Format Version 12.00
# Visual Studio Version 17
VisualStudioVersion = 17.0.31423.177
MinimumVisualStudioVersion = 10.0.40219.1
Project("{2150E333-8FDC-42A3-9474-1A3956D46DE8}") = "src", "src", "{91F059E6-7AD3-4FB7-9604-30A7849C6EFF}"
EndProject
Project("{9A19103F-16F7-4668-BE54-9A1E7A4F7556}") = "GeneralUpdate.Core", "GeneralUpdate.Core\GeneralUpdate.Core.csproj", "{35BFF228-5EE4-49A6-B721-FB0122E967A0}"
EndProject
Project("{9A19103F-16F7-4668-BE54-9A1E7A4F7556}") = "GeneralUpdate.ClientCore", "GeneralUpdate.ClientCore\GeneralUpdate.ClientCore.csproj", "{BAEFF926-6B2C-46F1-BB73-AA2AB1355565}"
EndProject
Project("{9A19103F-16F7-4668-BE54-9A1E7A4F7556}") = "GeneralUpdate.Differential", "GeneralUpdate.Differential\GeneralUpdate.Differential.csproj", "{40BDA496-7614-4213-92D0-3B1B187675D3}"
EndProject
Project("{FAE04EC0-301F-11D3-BF4B-00C04F79EFBC}") = "GeneralUpdate.Common", "GeneralUpdate.Common\GeneralUpdate.Common.csproj", "{D14E59CD-404B-467B-9C6D-91EFC5994D37}"
EndProject
Project("{FAE04EC0-301F-11D3-BF4B-00C04F79EFBC}") = "GeneralUpdate.Bowl", "GeneralUpdate.Bowl\GeneralUpdate.Bowl.csproj", "{49D0687D-1321-48E9-84C3-936B10532367}"
EndProject
Project("{FAE04EC0-301F-11D3-BF4B-00C04F79EFBC}") = "GeneralUpdate.Extension", "GeneralUpdate.Extension\GeneralUpdate.Extension.csproj", "{7B8E164F-C2D8-4C5F-8E20-450FB56AEB34}"
EndProject
Project("{2150E333-8FDC-42A3-9474-1A3956D46DE8}") = "tests", "tests", "{245C36B9-612E-4AB0-979A-4D83A0D8117E}"
EndProject
Project("{FAE04EC0-301F-11D3-BF4B-00C04F79EFBC}") = "ExtensionTest", "ExtensionTest\ExtensionTest.csproj", "{3FA78F9A-A942-4F7E-A30D-70DF42E8A83D}"
EndProject
Project("{FAE04EC0-301F-11D3-BF4B-00C04F79EFBC}") = "BowlTest", "BowlTest\BowlTest.csproj", "{E407EE3C-D893-459C-84AA-4019537F2903}"
EndProject
Project("{FAE04EC0-301F-11D3-BF4B-00C04F79EFBC}") = "ClientCoreTest", "ClientCoreTest\ClientCoreTest.csproj", "{3590E969-0958-49ED-91A0-605ACC0B203C}"
EndProject
Project("{FAE04EC0-301F-11D3-BF4B-00C04F79EFBC}") = "DifferentialTest", "DifferentialTest\DifferentialTest.csproj", "{D20E4300-45FA-451F-BCFA-AFBF7B32373A}"
EndProject
Project("{FAE04EC0-301F-11D3-BF4B-00C04F79EFBC}") = "CoreTest", "CoreTest\CoreTest.csproj", "{360D8FA4-C973-4700-B264-C52DCCD0AF4E}"
EndProject
Project("{FAE04EC0-301F-11D3-BF4B-00C04F79EFBC}") = "GeneralUpdate.Drivelution", "GeneralUpdate.Drivelution\GeneralUpdate.Drivelution.csproj", "{18CC58F3-A37D-4FAC-817E-F97339254914}"
EndProject
Global
	GlobalSection(SolutionConfigurationPlatforms) = preSolution
		Debug|Any CPU = Debug|Any CPU
		Debug|x64 = Debug|x64
		Debug|x86 = Debug|x86
		Release|Any CPU = Release|Any CPU
		Release|x64 = Release|x64
		Release|x86 = Release|x86
	EndGlobalSection
	GlobalSection(ProjectConfigurationPlatforms) = postSolution
		{35BFF228-5EE4-49A6-B721-FB0122E967A0}.Debug|Any CPU.ActiveCfg = Debug|Any CPU
		{35BFF228-5EE4-49A6-B721-FB0122E967A0}.Debug|Any CPU.Build.0 = Debug|Any CPU
		{35BFF228-5EE4-49A6-B721-FB0122E967A0}.Debug|x64.ActiveCfg = Debug|Any CPU
		{35BFF228-5EE4-49A6-B721-FB0122E967A0}.Debug|x64.Build.0 = Debug|Any CPU
		{35BFF228-5EE4-49A6-B721-FB0122E967A0}.Debug|x86.ActiveCfg = Debug|Any CPU
		{35BFF228-5EE4-49A6-B721-FB0122E967A0}.Debug|x86.Build.0 = Debug|Any CPU
		{35BFF228-5EE4-49A6-B721-FB0122E967A0}.Release|Any CPU.ActiveCfg = Release|Any CPU
		{35BFF228-5EE4-49A6-B721-FB0122E967A0}.Release|Any CPU.Build.0 = Release|Any CPU
		{35BFF228-5EE4-49A6-B721-FB0122E967A0}.Release|x64.ActiveCfg = Release|Any CPU
		{35BFF228-5EE4-49A6-B721-FB0122E967A0}.Release|x64.Build.0 = Release|Any CPU
		{35BFF228-5EE4-49A6-B721-FB0122E967A0}.Release|x86.ActiveCfg = Release|Any CPU
		{35BFF228-5EE4-49A6-B721-FB0122E967A0}.Release|x86.Build.0 = Release|Any CPU
		{BAEFF926-6B2C-46F1-BB73-AA2AB1355565}.Debug|Any CPU.ActiveCfg = Debug|Any CPU
		{BAEFF926-6B2C-46F1-BB73-AA2AB1355565}.Debug|Any CPU.Build.0 = Debug|Any CPU
		{BAEFF926-6B2C-46F1-BB73-AA2AB1355565}.Debug|x64.ActiveCfg = Debug|Any CPU
		{BAEFF926-6B2C-46F1-BB73-AA2AB1355565}.Debug|x64.Build.0 = Debug|Any CPU
		{BAEFF926-6B2C-46F1-BB73-AA2AB1355565}.Debug|x86.ActiveCfg = Debug|Any CPU
		{BAEFF926-6B2C-46F1-BB73-AA2AB1355565}.Debug|x86.Build.0 = Debug|Any CPU
		{BAEFF926-6B2C-46F1-BB73-AA2AB1355565}.Release|Any CPU.ActiveCfg = Release|Any CPU
		{BAEFF926-6B2C-46F1-BB73-AA2AB1355565}.Release|Any CPU.Build.0 = Release|Any CPU
		{BAEFF926-6B2C-46F1-BB73-AA2AB1355565}.Release|x64.ActiveCfg = Release|Any CPU
		{BAEFF926-6B2C-46F1-BB73-AA2AB1355565}.Release|x64.Build.0 = Release|Any CPU
		{BAEFF926-6B2C-46F1-BB73-AA2AB1355565}.Release|x86.ActiveCfg = Release|Any CPU
		{BAEFF926-6B2C-46F1-BB73-AA2AB1355565}.Release|x86.Build.0 = Release|Any CPU
		{40BDA496-7614-4213-92D0-3B1B187675D3}.Debug|Any CPU.ActiveCfg = Debug|Any CPU
		{40BDA496-7614-4213-92D0-3B1B187675D3}.Debug|Any CPU.Build.0 = Debug|Any CPU
		{40BDA496-7614-4213-92D0-3B1B187675D3}.Debug|x64.ActiveCfg = Debug|Any CPU
		{40BDA496-7614-4213-92D0-3B1B187675D3}.Debug|x64.Build.0 = Debug|Any CPU
		{40BDA496-7614-4213-92D0-3B1B187675D3}.Debug|x86.ActiveCfg = Debug|Any CPU
		{40BDA496-7614-4213-92D0-3B1B187675D3}.Debug|x86.Build.0 = Debug|Any CPU
		{40BDA496-7614-4213-92D0-3B1B187675D3}.Release|Any CPU.ActiveCfg = Release|Any CPU
		{40BDA496-7614-4213-92D0-3B1B187675D3}.Release|Any CPU.Build.0 = Release|Any CPU
		{40BDA496-7614-4213-92D0-3B1B187675D3}.Release|x64.ActiveCfg = Release|Any CPU
		{40BDA496-7614-4213-92D0-3B1B187675D3}.Release|x64.Build.0 = Release|Any CPU
		{40BDA496-7614-4213-92D0-3B1B187675D3}.Release|x86.ActiveCfg = Release|Any CPU
		{40BDA496-7614-4213-92D0-3B1B187675D3}.Release|x86.Build.0 = Release|Any CPU
		{D14E59CD-404B-467B-9C6D-91EFC5994D37}.Debug|Any CPU.ActiveCfg = Debug|Any CPU
		{D14E59CD-404B-467B-9C6D-91EFC5994D37}.Debug|Any CPU.Build.0 = Debug|Any CPU
		{D14E59CD-404B-467B-9C6D-91EFC5994D37}.Debug|x64.ActiveCfg = Debug|Any CPU
		{D14E59CD-404B-467B-9C6D-91EFC5994D37}.Debug|x64.Build.0 = Debug|Any CPU
		{D14E59CD-404B-467B-9C6D-91EFC5994D37}.Debug|x86.ActiveCfg = Debug|Any CPU
		{D14E59CD-404B-467B-9C6D-91EFC5994D37}.Debug|x86.Build.0 = Debug|Any CPU
		{D14E59CD-404B-467B-9C6D-91EFC5994D37}.Release|Any CPU.ActiveCfg = Release|Any CPU
		{D14E59CD-404B-467B-9C6D-91EFC5994D37}.Release|Any CPU.Build.0 = Release|Any CPU
		{D14E59CD-404B-467B-9C6D-91EFC5994D37}.Release|x64.ActiveCfg = Release|Any CPU
		{D14E59CD-404B-467B-9C6D-91EFC5994D37}.Release|x64.Build.0 = Release|Any CPU
		{D14E59CD-404B-467B-9C6D-91EFC5994D37}.Release|x86.ActiveCfg = Release|Any CPU
		{D14E59CD-404B-467B-9C6D-91EFC5994D37}.Release|x86.Build.0 = Release|Any CPU
		{49D0687D-1321-48E9-84C3-936B10532367}.Debug|Any CPU.ActiveCfg = Debug|Any CPU
		{49D0687D-1321-48E9-84C3-936B10532367}.Debug|Any CPU.Build.0 = Debug|Any CPU
		{49D0687D-1321-48E9-84C3-936B10532367}.Debug|x64.ActiveCfg = Debug|Any CPU
		{49D0687D-1321-48E9-84C3-936B10532367}.Debug|x64.Build.0 = Debug|Any CPU
		{49D0687D-1321-48E9-84C3-936B10532367}.Debug|x86.ActiveCfg = Debug|Any CPU
		{49D0687D-1321-48E9-84C3-936B10532367}.Debug|x86.Build.0 = Debug|Any CPU
		{49D0687D-1321-48E9-84C3-936B10532367}.Release|Any CPU.ActiveCfg = Release|Any CPU
		{49D0687D-1321-48E9-84C3-936B10532367}.Release|Any CPU.Build.0 = Release|Any CPU
		{49D0687D-1321-48E9-84C3-936B10532367}.Release|x64.ActiveCfg = Release|Any CPU
		{49D0687D-1321-48E9-84C3-936B10532367}.Release|x64.Build.0 = Release|Any CPU
		{49D0687D-1321-48E9-84C3-936B10532367}.Release|x86.ActiveCfg = Release|Any CPU
		{49D0687D-1321-48E9-84C3-936B10532367}.Release|x86.Build.0 = Release|Any CPU
		{7B8E164F-C2D8-4C5F-8E20-450FB56AEB34}.Debug|Any CPU.ActiveCfg = Debug|Any CPU
		{7B8E164F-C2D8-4C5F-8E20-450FB56AEB34}.Debug|Any CPU.Build.0 = Debug|Any CPU
		{7B8E164F-C2D8-4C5F-8E20-450FB56AEB34}.Debug|x64.ActiveCfg = Debug|Any CPU
		{7B8E164F-C2D8-4C5F-8E20-450FB56AEB34}.Debug|x64.Build.0 = Debug|Any CPU
		{7B8E164F-C2D8-4C5F-8E20-450FB56AEB34}.Debug|x86.ActiveCfg = Debug|Any CPU
		{7B8E164F-C2D8-4C5F-8E20-450FB56AEB34}.Debug|x86.Build.0 = Debug|Any CPU
		{7B8E164F-C2D8-4C5F-8E20-450FB56AEB34}.Release|Any CPU.ActiveCfg = Release|Any CPU
		{7B8E164F-C2D8-4C5F-8E20-450FB56AEB34}.Release|Any CPU.Build.0 = Release|Any CPU
		{7B8E164F-C2D8-4C5F-8E20-450FB56AEB34}.Release|x64.ActiveCfg = Release|Any CPU
		{7B8E164F-C2D8-4C5F-8E20-450FB56AEB34}.Release|x64.Build.0 = Release|Any CPU
		{7B8E164F-C2D8-4C5F-8E20-450FB56AEB34}.Release|x86.ActiveCfg = Release|Any CPU
		{7B8E164F-C2D8-4C5F-8E20-450FB56AEB34}.Release|x86.Build.0 = Release|Any CPU
		{3FA78F9A-A942-4F7E-A30D-70DF42E8A83D}.Debug|Any CPU.ActiveCfg = Debug|Any CPU
		{3FA78F9A-A942-4F7E-A30D-70DF42E8A83D}.Debug|Any CPU.Build.0 = Debug|Any CPU
		{3FA78F9A-A942-4F7E-A30D-70DF42E8A83D}.Debug|x64.ActiveCfg = Debug|Any CPU
		{3FA78F9A-A942-4F7E-A30D-70DF42E8A83D}.Debug|x64.Build.0 = Debug|Any CPU
		{3FA78F9A-A942-4F7E-A30D-70DF42E8A83D}.Debug|x86.ActiveCfg = Debug|Any CPU
		{3FA78F9A-A942-4F7E-A30D-70DF42E8A83D}.Debug|x86.Build.0 = Debug|Any CPU
		{3FA78F9A-A942-4F7E-A30D-70DF42E8A83D}.Release|Any CPU.ActiveCfg = Release|Any CPU
		{3FA78F9A-A942-4F7E-A30D-70DF42E8A83D}.Release|Any CPU.Build.0 = Release|Any CPU
		{3FA78F9A-A942-4F7E-A30D-70DF42E8A83D}.Release|x64.ActiveCfg = Release|Any CPU
		{3FA78F9A-A942-4F7E-A30D-70DF42E8A83D}.Release|x64.Build.0 = Release|Any CPU
		{3FA78F9A-A942-4F7E-A30D-70DF42E8A83D}.Release|x86.ActiveCfg = Release|Any CPU
		{3FA78F9A-A942-4F7E-A30D-70DF42E8A83D}.Release|x86.Build.0 = Release|Any CPU
		{E407EE3C-D893-459C-84AA-4019537F2903}.Debug|Any CPU.ActiveCfg = Debug|Any CPU
		{E407EE3C-D893-459C-84AA-4019537F2903}.Debug|Any CPU.Build.0 = Debug|Any CPU
		{E407EE3C-D893-459C-84AA-4019537F2903}.Debug|x64.ActiveCfg = Debug|Any CPU
		{E407EE3C-D893-459C-84AA-4019537F2903}.Debug|x64.Build.0 = Debug|Any CPU
		{E407EE3C-D893-459C-84AA-4019537F2903}.Debug|x86.ActiveCfg = Debug|Any CPU
		{E407EE3C-D893-459C-84AA-4019537F2903}.Debug|x86.Build.0 = Debug|Any CPU
		{E407EE3C-D893-459C-84AA-4019537F2903}.Release|Any CPU.ActiveCfg = Release|Any CPU
		{E407EE3C-D893-459C-84AA-4019537F2903}.Release|Any CPU.Build.0 = Release|Any CPU
		{E407EE3C-D893-459C-84AA-4019537F2903}.Release|x64.ActiveCfg = Release|Any CPU
		{E407EE3C-D893-459C-84AA-4019537F2903}.Release|x64.Build.0 = Release|Any CPU
		{E407EE3C-D893-459C-84AA-4019537F2903}.Release|x86.ActiveCfg = Release|Any CPU
		{E407EE3C-D893-459C-84AA-4019537F2903}.Release|x86.Build.0 = Release|Any CPU
		{3590E969-0958-49ED-91A0-605ACC0B203C}.Debug|Any CPU.ActiveCfg = Debug|Any CPU
		{3590E969-0958-49ED-91A0-605ACC0B203C}.Debug|Any CPU.Build.0 = Debug|Any CPU
		{3590E969-0958-49ED-91A0-605ACC0B203C}.Debug|x64.ActiveCfg = Debug|Any CPU
		{3590E969-0958-49ED-91A0-605ACC0B203C}.Debug|x64.Build.0 = Debug|Any CPU
		{3590E969-0958-49ED-91A0-605ACC0B203C}.Debug|x86.ActiveCfg = Debug|Any CPU
		{3590E969-0958-49ED-91A0-605ACC0B203C}.Debug|x86.Build.0 = Debug|Any CPU
		{3590E969-0958-49ED-91A0-605ACC0B203C}.Release|Any CPU.ActiveCfg = Release|Any CPU
		{3590E969-0958-49ED-91A0-605ACC0B203C}.Release|Any CPU.Build.0 = Release|Any CPU
		{3590E969-0958-49ED-91A0-605ACC0B203C}.Release|x64.ActiveCfg = Release|Any CPU
		{3590E969-0958-49ED-91A0-605ACC0B203C}.Release|x64.Build.0 = Release|Any CPU
		{3590E969-0958-49ED-91A0-605ACC0B203C}.Release|x86.ActiveCfg = Release|Any CPU
		{3590E969-0958-49ED-91A0-605ACC0B203C}.Release|x86.Build.0 = Release|Any CPU
		{D20E4300-45FA-451F-BCFA-AFBF7B32373A}.Debug|Any CPU.ActiveCfg = Debug|Any CPU
		{D20E4300-45FA-451F-BCFA-AFBF7B32373A}.Debug|Any CPU.Build.0 = Debug|Any CPU
		{D20E4300-45FA-451F-BCFA-AFBF7B32373A}.Debug|x64.ActiveCfg = Debug|Any CPU
		{D20E4300-45FA-451F-BCFA-AFBF7B32373A}.Debug|x64.Build.0 = Debug|Any CPU
		{D20E4300-45FA-451F-BCFA-AFBF7B32373A}.Debug|x86.ActiveCfg = Debug|Any CPU
		{D20E4300-45FA-451F-BCFA-AFBF7B32373A}.Debug|x86.Build.0 = Debug|Any CPU
		{D20E4300-45FA-451F-BCFA-AFBF7B32373A}.Release|Any CPU.ActiveCfg = Release|Any CPU
		{D20E4300-45FA-451F-BCFA-AFBF7B32373A}.Release|Any CPU.Build.0 = Release|Any CPU
		{D20E4300-45FA-451F-BCFA-AFBF7B32373A}.Release|x64.ActiveCfg = Release|Any CPU
		{D20E4300-45FA-451F-BCFA-AFBF7B32373A}.Release|x64.Build.0 = Release|Any CPU
		{D20E4300-45FA-451F-BCFA-AFBF7B32373A}.Release|x86.ActiveCfg = Release|Any CPU
		{D20E4300-45FA-451F-BCFA-AFBF7B32373A}.Release|x86.Build.0 = Release|Any CPU
		{360D8FA4-C973-4700-B264-C52DCCD0AF4E}.Debug|Any CPU.ActiveCfg = Debug|Any CPU
		{360D8FA4-C973-4700-B264-C52DCCD0AF4E}.Debug|Any CPU.Build.0 = Debug|Any CPU
		{360D8FA4-C973-4700-B264-C52DCCD0AF4E}.Debug|x64.ActiveCfg = Debug|Any CPU
		{360D8FA4-C973-4700-B264-C52DCCD0AF4E}.Debug|x64.Build.0 = Debug|Any CPU
		{360D8FA4-C973-4700-B264-C52DCCD0AF4E}.Debug|x86.ActiveCfg = Debug|Any CPU
		{360D8FA4-C973-4700-B264-C52DCCD0AF4E}.Debug|x86.Build.0 = Debug|Any CPU
		{360D8FA4-C973-4700-B264-C52DCCD0AF4E}.Release|Any CPU.ActiveCfg = Release|Any CPU
		{360D8FA4-C973-4700-B264-C52DCCD0AF4E}.Release|Any CPU.Build.0 = Release|Any CPU
		{360D8FA4-C973-4700-B264-C52DCCD0AF4E}.Release|x64.ActiveCfg = Release|Any CPU
		{360D8FA4-C973-4700-B264-C52DCCD0AF4E}.Release|x64.Build.0 = Release|Any CPU
		{360D8FA4-C973-4700-B264-C52DCCD0AF4E}.Release|x86.ActiveCfg = Release|Any CPU
		{360D8FA4-C973-4700-B264-C52DCCD0AF4E}.Release|x86.Build.0 = Release|Any CPU
		{18CC58F3-A37D-4FAC-817E-F97339254914}.Debug|Any CPU.ActiveCfg = Debug|Any CPU
		{18CC58F3-A37D-4FAC-817E-F97339254914}.Debug|Any CPU.Build.0 = Debug|Any CPU
		{18CC58F3-A37D-4FAC-817E-F97339254914}.Debug|x64.ActiveCfg = Debug|Any CPU
		{18CC58F3-A37D-4FAC-817E-F97339254914}.Debug|x64.Build.0 = Debug|Any CPU
		{18CC58F3-A37D-4FAC-817E-F97339254914}.Debug|x86.ActiveCfg = Debug|Any CPU
		{18CC58F3-A37D-4FAC-817E-F97339254914}.Debug|x86.Build.0 = Debug|Any CPU
		{18CC58F3-A37D-4FAC-817E-F97339254914}.Release|Any CPU.ActiveCfg = Release|Any CPU
		{18CC58F3-A37D-4FAC-817E-F97339254914}.Release|Any CPU.Build.0 = Release|Any CPU
		{18CC58F3-A37D-4FAC-817E-F97339254914}.Release|x64.ActiveCfg = Release|Any CPU
		{18CC58F3-A37D-4FAC-817E-F97339254914}.Release|x64.Build.0 = Release|Any CPU
		{18CC58F3-A37D-4FAC-817E-F97339254914}.Release|x86.ActiveCfg = Release|Any CPU
		{18CC58F3-A37D-4FAC-817E-F97339254914}.Release|x86.Build.0 = Release|Any CPU
	EndGlobalSection
	GlobalSection(SolutionProperties) = preSolution
		HideSolutionNode = FALSE
	EndGlobalSection
	GlobalSection(NestedProjects) = preSolution
		{35BFF228-5EE4-49A6-B721-FB0122E967A0} = {91F059E6-7AD3-4FB7-9604-30A7849C6EFF}
		{BAEFF926-6B2C-46F1-BB73-AA2AB1355565} = {91F059E6-7AD3-4FB7-9604-30A7849C6EFF}
		{40BDA496-7614-4213-92D0-3B1B187675D3} = {91F059E6-7AD3-4FB7-9604-30A7849C6EFF}
		{D14E59CD-404B-467B-9C6D-91EFC5994D37} = {91F059E6-7AD3-4FB7-9604-30A7849C6EFF}
		{49D0687D-1321-48E9-84C3-936B10532367} = {91F059E6-7AD3-4FB7-9604-30A7849C6EFF}
		{7B8E164F-C2D8-4C5F-8E20-450FB56AEB34} = {91F059E6-7AD3-4FB7-9604-30A7849C6EFF}
		{3FA78F9A-A942-4F7E-A30D-70DF42E8A83D} = {245C36B9-612E-4AB0-979A-4D83A0D8117E}
		{E407EE3C-D893-459C-84AA-4019537F2903} = {245C36B9-612E-4AB0-979A-4D83A0D8117E}
		{3590E969-0958-49ED-91A0-605ACC0B203C} = {245C36B9-612E-4AB0-979A-4D83A0D8117E}
		{D20E4300-45FA-451F-BCFA-AFBF7B32373A} = {245C36B9-612E-4AB0-979A-4D83A0D8117E}
		{360D8FA4-C973-4700-B264-C52DCCD0AF4E} = {245C36B9-612E-4AB0-979A-4D83A0D8117E}
		{18CC58F3-A37D-4FAC-817E-F97339254914} = {91F059E6-7AD3-4FB7-9604-30A7849C6EFF}
	EndGlobalSection
	GlobalSection(ExtensibilityGlobals) = postSolution
		SolutionGuid = {A7B2D0AD-E000-4749-BAC0-FF21B9872805}
	EndGlobalSection
EndGlobal
